
Microsoft Visual Studio Solution File, Format Version 12.00
# Visual Studio Version 16
VisualStudioVersion = 16.0.29709.97
MinimumVisualStudioVersion = 10.0.40219.1
Project("{FAE04EC0-301F-11D3-BF4B-00C04F79EFBC}") = "FCFS", "FCFS\FCFS.csproj", "{D8267821-BF9E-40A6-8925-F2D8C3E743D9}"
EndProject
Global
	GlobalSection(SolutionConfigurationPlatforms) = preSolution
		Debug|Any CPU = Debug|Any CPU
		Release|Any CPU = Release|Any CPU
	EndGlobalSection
	GlobalSection(ProjectConfigurationPlatforms) = postSolution
		{D8267821-BF9E-40A6-8925-F2D8C3E743D9}.Debug|Any CPU.ActiveCfg = Debug|Any CPU
		{D8267821-BF9E-40A6-8925-F2D8C3E743D9}.Debug|Any CPU.Build.0 = Debug|Any CPU
		{D8267821-BF9E-40A6-8925-F2D8C3E743D9}.Release|Any CPU.ActiveCfg = Release|Any CPU
		{D8267821-BF9E-40A6-8925-F2D8C3E743D9}.Release|Any CPU.Build.0 = Release|Any CPU
	EndGlobalSection
	GlobalSection(SolutionProperties) = preSolution
		HideSolutionNode = FALSE
	EndGlobalSection
	GlobalSection(ExtensibilityGlobals) = postSolution
		SolutionGuid = {1FDB08D7-6332-420B-883D-1483A021BC84}
	EndGlobalSection
EndGlobal
